
Microsoft Visual Studio Solution File, Format Version 12.00
# Visual Studio 15
VisualStudioVersion = 15.0.27130.2027
MinimumVisualStudioVersion = 10.0.40219.1
Project("{8BC9CEB8-8B4A-11D0-8D11-00A0C91BC942}") = "Manpwin", "Manpwin.vcxproj", "{8253B6B5-D533-470C-B39B-6E7E35B9CB70}"
EndProject
Project("{8BC9CEB8-8B4A-11D0-8D11-00A0C91BC942}") = "PNGLib", "pnglib\PNGLib.vcxproj", "{F6928C87-5BEB-4AAA-AF5D-0368D9E66309}"
EndProject
Project("{8BC9CEB8-8B4A-11D0-8D11-00A0C91BC942}") = "ZLib", "zlib\ZLib.vcxproj", "{F2152412-3EC2-4B1B-AC9E-7E10AEB22C26}"
EndProject
Project("{8BC9CEB8-8B4A-11D0-8D11-00A0C91BC942}") = "parser", "parser\parser.vcxproj", "{1CE26221-302F-4EF9-A9B2-9445D4F67732}"
EndProject
Project("{8BC9CEB8-8B4A-11D0-8D11-00A0C91BC942}") = "mpeg", "MPEG\mpeg.vcxproj", "{3368BC86-428C-4C62-97C5-A4F4898A2EF0}"
EndProject
Global
	GlobalSection(SolutionConfigurationPlatforms) = preSolution
		Debug|Win32 = Debug|Win32
		Debug|x64 = Debug|x64
		Debug|x86 = Debug|x86
		Release|Win32 = Release|Win32
		Release|x64 = Release|x64
		Release|x86 = Release|x86
		Static|Win32 = Static|Win32
		Static|x64 = Static|x64
		Static|x86 = Static|x86
	EndGlobalSection
	GlobalSection(ProjectConfigurationPlatforms) = postSolution
		{8253B6B5-D533-470C-B39B-6E7E35B9CB70}.Debug|Win32.ActiveCfg = Debug|Win32
		{8253B6B5-D533-470C-B39B-6E7E35B9CB70}.Debug|Win32.Build.0 = Debug|Win32
		{8253B6B5-D533-470C-B39B-6E7E35B9CB70}.Debug|x64.ActiveCfg = Debug|x64
		{8253B6B5-D533-470C-B39B-6E7E35B9CB70}.Debug|x64.Build.0 = Debug|x64
		{8253B6B5-D533-470C-B39B-6E7E35B9CB70}.Debug|x86.ActiveCfg = Debug|Win32
		{8253B6B5-D533-470C-B39B-6E7E35B9CB70}.Debug|x86.Build.0 = Debug|Win32
		{8253B6B5-D533-470C-B39B-6E7E35B9CB70}.Debug|x86.Deploy.0 = Debug|Win32
		{8253B6B5-D533-470C-B39B-6E7E35B9CB70}.Release|Win32.ActiveCfg = Release|Win32
		{8253B6B5-D533-470C-B39B-6E7E35B9CB70}.Release|Win32.Build.0 = Release|Win32
		{8253B6B5-D533-470C-B39B-6E7E35B9CB70}.Release|x64.ActiveCfg = Release|x64
		{8253B6B5-D533-470C-B39B-6E7E35B9CB70}.Release|x64.Build.0 = Release|x64
		{8253B6B5-D533-470C-B39B-6E7E35B9CB70}.Release|x86.ActiveCfg = Release|Win32
		{8253B6B5-D533-470C-B39B-6E7E35B9CB70}.Release|x86.Build.0 = Release|Win32
		{8253B6B5-D533-470C-B39B-6E7E35B9CB70}.Release|x86.Deploy.0 = Release|Win32
		{8253B6B5-D533-470C-B39B-6E7E35B9CB70}.Static|Win32.ActiveCfg = Release|Win32
		{8253B6B5-D533-470C-B39B-6E7E35B9CB70}.Static|Win32.Build.0 = Release|Win32
		{8253B6B5-D533-470C-B39B-6E7E35B9CB70}.Static|x64.ActiveCfg = Release|x64
		{8253B6B5-D533-470C-B39B-6E7E35B9CB70}.Static|x64.Build.0 = Release|x64
		{8253B6B5-D533-470C-B39B-6E7E35B9CB70}.Static|x86.ActiveCfg = Debug|Win32
		{8253B6B5-D533-470C-B39B-6E7E35B9CB70}.Static|x86.Build.0 = Debug|Win32
		{8253B6B5-D533-470C-B39B-6E7E35B9CB70}.Static|x86.Deploy.0 = Debug|Win32
		{F6928C87-5BEB-4AAA-AF5D-0368D9E66309}.Debug|Win32.ActiveCfg = Debug|Win32
		{F6928C87-5BEB-4AAA-AF5D-0368D9E66309}.Debug|Win32.Build.0 = Debug|Win32
		{F6928C87-5BEB-4AAA-AF5D-0368D9E66309}.Debug|x64.ActiveCfg = Debug|x64
		{F6928C87-5BEB-4AAA-AF5D-0368D9E66309}.Debug|x64.Build.0 = Debug|x64
		{F6928C87-5BEB-4AAA-AF5D-0368D9E66309}.Debug|x86.ActiveCfg = Debug|Win32
		{F6928C87-5BEB-4AAA-AF5D-0368D9E66309}.Debug|x86.Build.0 = Debug|Win32
		{F6928C87-5BEB-4AAA-AF5D-0368D9E66309}.Release|Win32.ActiveCfg = Release|Win32
		{F6928C87-5BEB-4AAA-AF5D-0368D9E66309}.Release|Win32.Build.0 = Release|Win32
		{F6928C87-5BEB-4AAA-AF5D-0368D9E66309}.Release|x64.ActiveCfg = Release|x64
		{F6928C87-5BEB-4AAA-AF5D-0368D9E66309}.Release|x64.Build.0 = Release|x64
		{F6928C87-5BEB-4AAA-AF5D-0368D9E66309}.Release|x64.Deploy.0 = Release|x64
		{F6928C87-5BEB-4AAA-AF5D-0368D9E66309}.Release|x86.ActiveCfg = Release|Win32
		{F6928C87-5BEB-4AAA-AF5D-0368D9E66309}.Release|x86.Build.0 = Release|Win32
		{F6928C87-5BEB-4AAA-AF5D-0368D9E66309}.Static|Win32.ActiveCfg = Release|Win32
		{F6928C87-5BEB-4AAA-AF5D-0368D9E66309}.Static|Win32.Build.0 = Release|Win32
		{F6928C87-5BEB-4AAA-AF5D-0368D9E66309}.Static|x64.ActiveCfg = Release|x64
		{F6928C87-5BEB-4AAA-AF5D-0368D9E66309}.Static|x64.Build.0 = Release|x64
		{F6928C87-5BEB-4AAA-AF5D-0368D9E66309}.Static|x86.ActiveCfg = Release|Win32
		{F6928C87-5BEB-4AAA-AF5D-0368D9E66309}.Static|x86.Build.0 = Release|Win32
		{F2152412-3EC2-4B1B-AC9E-7E10AEB22C26}.Debug|Win32.ActiveCfg = Debug|Win32
		{F2152412-3EC2-4B1B-AC9E-7E10AEB22C26}.Debug|Win32.Build.0 = Debug|Win32
		{F2152412-3EC2-4B1B-AC9E-7E10AEB22C26}.Debug|x64.ActiveCfg = Debug|x64
		{F2152412-3EC2-4B1B-AC9E-7E10AEB22C26}.Debug|x64.Build.0 = Debug|x64
		{F2152412-3EC2-4B1B-AC9E-7E10AEB22C26}.Debug|x86.ActiveCfg = Debug|Win32
		{F2152412-3EC2-4B1B-AC9E-7E10AEB22C26}.Debug|x86.Build.0 = Debug|Win32
		{F2152412-3EC2-4B1B-AC9E-7E10AEB22C26}.Debug|x86.Deploy.0 = Debug|Win32
		{F2152412-3EC2-4B1B-AC9E-7E10AEB22C26}.Release|Win32.ActiveCfg = Release|Win32
		{F2152412-3EC2-4B1B-AC9E-7E10AEB22C26}.Release|Win32.Build.0 = Release|Win32
		{F2152412-3EC2-4B1B-AC9E-7E10AEB22C26}.Release|x64.ActiveCfg = Release|x64
		{F2152412-3EC2-4B1B-AC9E-7E10AEB22C26}.Release|x64.Build.0 = Release|x64
		{F2152412-3EC2-4B1B-AC9E-7E10AEB22C26}.Release|x86.ActiveCfg = Release|Win32
		{F2152412-3EC2-4B1B-AC9E-7E10AEB22C26}.Release|x86.Build.0 = Release|Win32
		{F2152412-3EC2-4B1B-AC9E-7E10AEB22C26}.Release|x86.Deploy.0 = Release|Win32
		{F2152412-3EC2-4B1B-AC9E-7E10AEB22C26}.Static|Win32.ActiveCfg = Release|Win32
		{F2152412-3EC2-4B1B-AC9E-7E10AEB22C26}.Static|Win32.Build.0 = Release|Win32
		{F2152412-3EC2-4B1B-AC9E-7E10AEB22C26}.Static|x64.ActiveCfg = Release|x64
		{F2152412-3EC2-4B1B-AC9E-7E10AEB22C26}.Static|x64.Build.0 = Release|x64
		{F2152412-3EC2-4B1B-AC9E-7E10AEB22C26}.Static|x86.ActiveCfg = Debug|Win32
		{F2152412-3EC2-4B1B-AC9E-7E10AEB22C26}.Static|x86.Build.0 = Debug|Win32
		{F2152412-3EC2-4B1B-AC9E-7E10AEB22C26}.Static|x86.Deploy.0 = Debug|Win32
		{1CE26221-302F-4EF9-A9B2-9445D4F67732}.Debug|Win32.ActiveCfg = Debug|Win32
		{1CE26221-302F-4EF9-A9B2-9445D4F67732}.Debug|Win32.Build.0 = Debug|Win32
		{1CE26221-302F-4EF9-A9B2-9445D4F67732}.Debug|x64.ActiveCfg = Debug|x64
		{1CE26221-302F-4EF9-A9B2-9445D4F67732}.Debug|x64.Build.0 = Debug|x64
		{1CE26221-302F-4EF9-A9B2-9445D4F67732}.Debug|x86.ActiveCfg = Debug|Win32
		{1CE26221-302F-4EF9-A9B2-9445D4F67732}.Debug|x86.Build.0 = Debug|Win32
		{1CE26221-302F-4EF9-A9B2-9445D4F67732}.Debug|x86.Deploy.0 = Debug|Win32
		{1CE26221-302F-4EF9-A9B2-9445D4F67732}.Release|Win32.ActiveCfg = Release|Win32
		{1CE26221-302F-4EF9-A9B2-9445D4F67732}.Release|Win32.Build.0 = Release|Win32
		{1CE26221-302F-4EF9-A9B2-9445D4F67732}.Release|x64.ActiveCfg = Release|x64
		{1CE26221-302F-4EF9-A9B2-9445D4F67732}.Release|x64.Build.0 = Release|x64
		{1CE26221-302F-4EF9-A9B2-9445D4F67732}.Release|x86.ActiveCfg = Release|Win32
		{1CE26221-302F-4EF9-A9B2-9445D4F67732}.Release|x86.Build.0 = Release|Win32
		{1CE26221-302F-4EF9-A9B2-9445D4F67732}.Release|x86.Deploy.0 = Release|Win32
		{1CE26221-302F-4EF9-A9B2-9445D4F67732}.Static|Win32.ActiveCfg = Release|Win32
		{1CE26221-302F-4EF9-A9B2-9445D4F67732}.Static|Win32.Build.0 = Release|Win32
		{1CE26221-302F-4EF9-A9B2-9445D4F67732}.Static|x64.ActiveCfg = Release|x64
		{1CE26221-302F-4EF9-A9B2-9445D4F67732}.Static|x64.Build.0 = Release|x64
		{1CE26221-302F-4EF9-A9B2-9445D4F67732}.Static|x86.ActiveCfg = Debug|Win32
		{1CE26221-302F-4EF9-A9B2-9445D4F67732}.Static|x86.Build.0 = Debug|Win32
		{1CE26221-302F-4EF9-A9B2-9445D4F67732}.Static|x86.Deploy.0 = Debug|Win32
		{3368BC86-428C-4C62-97C5-A4F4898A2EF0}.Debug|Win32.ActiveCfg = Debug|Win32
		{3368BC86-428C-4C62-97C5-A4F4898A2EF0}.Debug|Win32.Build.0 = Debug|Win32
		{3368BC86-428C-4C62-97C5-A4F4898A2EF0}.Debug|Win32.Deploy.0 = Debug|Win32
		{3368BC86-428C-4C62-97C5-A4F4898A2EF0}.Debug|x64.ActiveCfg = Debug|x64
		{3368BC86-428C-4C62-97C5-A4F4898A2EF0}.Debug|x64.Build.0 = Debug|x64
		{3368BC86-428C-4C62-97C5-A4F4898A2EF0}.Debug|x86.ActiveCfg = Debug|Win32
		{3368BC86-428C-4C62-97C5-A4F4898A2EF0}.Debug|x86.Build.0 = Debug|Win32
		{3368BC86-428C-4C62-97C5-A4F4898A2EF0}.Debug|x86.Deploy.0 = Debug|Win32
		{3368BC86-428C-4C62-97C5-A4F4898A2EF0}.Release|Win32.ActiveCfg = Release|Win32
		{3368BC86-428C-4C62-97C5-A4F4898A2EF0}.Release|Win32.Build.0 = Release|Win32
		{3368BC86-428C-4C62-97C5-A4F4898A2EF0}.Release|x64.ActiveCfg = Release|x64
		{3368BC86-428C-4C62-97C5-A4F4898A2EF0}.Release|x64.Build.0 = Release|x64
		{3368BC86-428C-4C62-97C5-A4F4898A2EF0}.Release|x86.ActiveCfg = Release|Win32
		{3368BC86-428C-4C62-97C5-A4F4898A2EF0}.Release|x86.Build.0 = Release|Win32
		{3368BC86-428C-4C62-97C5-A4F4898A2EF0}.Release|x86.Deploy.0 = Release|Win32
		{3368BC86-428C-4C62-97C5-A4F4898A2EF0}.Static|Win32.ActiveCfg = Release|Win32
		{3368BC86-428C-4C62-97C5-A4F4898A2EF0}.Static|Win32.Build.0 = Release|Win32
		{3368BC86-428C-4C62-97C5-A4F4898A2EF0}.Static|x64.ActiveCfg = Release|x64
		{3368BC86-428C-4C62-97C5-A4F4898A2EF0}.Static|x64.Build.0 = Release|x64
		{3368BC86-428C-4C62-97C5-A4F4898A2EF0}.Static|x64.Deploy.0 = Release|x64
		{3368BC86-428C-4C62-97C5-A4F4898A2EF0}.Static|x86.ActiveCfg = Debug|Win32
		{3368BC86-428C-4C62-97C5-A4F4898A2EF0}.Static|x86.Build.0 = Debug|Win32
		{3368BC86-428C-4C62-97C5-A4F4898A2EF0}.Static|x86.Deploy.0 = Debug|Win32
	EndGlobalSection
	GlobalSection(SolutionProperties) = preSolution
		HideSolutionNode = FALSE
	EndGlobalSection
	GlobalSection(ExtensibilityGlobals) = postSolution
		SolutionGuid = {95740480-AB2E-47F3-9E19-0D348F678C60}
	EndGlobalSection
EndGlobal
